
Microsoft Visual Studio Solution File, Format Version 12.00
# Visual Studio 15
VisualStudioVersion = 15.0.27130.2036
MinimumVisualStudioVersion = 10.0.40219.1
Project("{9A19103F-16F7-4668-BE54-9A1E7A4F7556}") = "Customer.Client", "Customer\Customer.Client.csproj", "{C20F997A-287A-4A4B-9E66-9EA2C7221900}"
EndProject
Project("{9A19103F-16F7-4668-BE54-9A1E7A4F7556}") = "Warehouse.IMS", "Warehouse.IMS\Warehouse.IMS.csproj", "{E0FC547F-5AFB-447F-98CE-0985A99F30AC}"
EndProject
Project("{9A19103F-16F7-4668-BE54-9A1E7A4F7556}") = "EasyNetQ.Extensions.MediatR", "EasyNetQ.Extensions.MediatR\EasyNetQ.Extensions.MediatR.csproj", "{EB666D04-561D-474F-A5F3-64AB26155333}"
EndProject
Project("{9A19103F-16F7-4668-BE54-9A1E7A4F7556}") = "Core", "Core\Core.csproj", "{4E163461-9C5D-4E34-B045-83C15C38B3A1}"
EndProject
Project("{9A19103F-16F7-4668-BE54-9A1E7A4F7556}") = "Retailer.Client", "Retailer\Retailer.Client.csproj", "{105FE87B-96D9-4997-933F-5F1569B2ABDB}"
EndProject
Project("{9A19103F-16F7-4668-BE54-9A1E7A4F7556}") = "Retailer.Messages", "Retailer.Messages\Retailer.Messages.csproj", "{44BD1277-51BB-4D44-9922-5DF8FD79BB39}"
EndProject
Project("{9A19103F-16F7-4668-BE54-9A1E7A4F7556}") = "Warehouse.Messages", "Warehouse.Messages\Warehouse.Messages.csproj", "{D89C5CD9-8B8F-4677-8193-DE6CDD8AE209}"
EndProject
Global
	GlobalSection(SolutionConfigurationPlatforms) = preSolution
		Debug|Any CPU = Debug|Any CPU
		Release|Any CPU = Release|Any CPU
	EndGlobalSection
	GlobalSection(ProjectConfigurationPlatforms) = postSolution
		{C20F997A-287A-4A4B-9E66-9EA2C7221900}.Debug|Any CPU.ActiveCfg = Debug|Any CPU
		{C20F997A-287A-4A4B-9E66-9EA2C7221900}.Debug|Any CPU.Build.0 = Debug|Any CPU
		{C20F997A-287A-4A4B-9E66-9EA2C7221900}.Release|Any CPU.ActiveCfg = Release|Any CPU
		{C20F997A-287A-4A4B-9E66-9EA2C7221900}.Release|Any CPU.Build.0 = Release|Any CPU
		{E0FC547F-5AFB-447F-98CE-0985A99F30AC}.Debug|Any CPU.ActiveCfg = Debug|Any CPU
		{E0FC547F-5AFB-447F-98CE-0985A99F30AC}.Debug|Any CPU.Build.0 = Debug|Any CPU
		{E0FC547F-5AFB-447F-98CE-0985A99F30AC}.Release|Any CPU.ActiveCfg = Release|Any CPU
		{E0FC547F-5AFB-447F-98CE-0985A99F30AC}.Release|Any CPU.Build.0 = Release|Any CPU
		{EB666D04-561D-474F-A5F3-64AB26155333}.Debug|Any CPU.ActiveCfg = Debug|Any CPU
		{EB666D04-561D-474F-A5F3-64AB26155333}.Debug|Any CPU.Build.0 = Debug|Any CPU
		{EB666D04-561D-474F-A5F3-64AB26155333}.Release|Any CPU.ActiveCfg = Release|Any CPU
		{EB666D04-561D-474F-A5F3-64AB26155333}.Release|Any CPU.Build.0 = Release|Any CPU
		{4E163461-9C5D-4E34-B045-83C15C38B3A1}.Debug|Any CPU.ActiveCfg = Debug|Any CPU
		{4E163461-9C5D-4E34-B045-83C15C38B3A1}.Debug|Any CPU.Build.0 = Debug|Any CPU
		{4E163461-9C5D-4E34-B045-83C15C38B3A1}.Release|Any CPU.ActiveCfg = Release|Any CPU
		{4E163461-9C5D-4E34-B045-83C15C38B3A1}.Release|Any CPU.Build.0 = Release|Any CPU
		{105FE87B-96D9-4997-933F-5F1569B2ABDB}.Debug|Any CPU.ActiveCfg = Debug|Any CPU
		{105FE87B-96D9-4997-933F-5F1569B2ABDB}.Debug|Any CPU.Build.0 = Debug|Any CPU
		{105FE87B-96D9-4997-933F-5F1569B2ABDB}.Release|Any CPU.ActiveCfg = Release|Any CPU
		{105FE87B-96D9-4997-933F-5F1569B2ABDB}.Release|Any CPU.Build.0 = Release|Any CPU
		{44BD1277-51BB-4D44-9922-5DF8FD79BB39}.Debug|Any CPU.ActiveCfg = Debug|Any CPU
		{44BD1277-51BB-4D44-9922-5DF8FD79BB39}.Debug|Any CPU.Build.0 = Debug|Any CPU
		{44BD1277-51BB-4D44-9922-5DF8FD79BB39}.Release|Any CPU.ActiveCfg = Release|Any CPU
		{44BD1277-51BB-4D44-9922-5DF8FD79BB39}.Release|Any CPU.Build.0 = Release|Any CPU
		{D89C5CD9-8B8F-4677-8193-DE6CDD8AE209}.Debug|Any CPU.ActiveCfg = Debug|Any CPU
		{D89C5CD9-8B8F-4677-8193-DE6CDD8AE209}.Debug|Any CPU.Build.0 = Debug|Any CPU
		{D89C5CD9-8B8F-4677-8193-DE6CDD8AE209}.Release|Any CPU.ActiveCfg = Release|Any CPU
		{D89C5CD9-8B8F-4677-8193-DE6CDD8AE209}.Release|Any CPU.Build.0 = Release|Any CPU
	EndGlobalSection
	GlobalSection(SolutionProperties) = preSolution
		HideSolutionNode = FALSE
	EndGlobalSection
	GlobalSection(ExtensibilityGlobals) = postSolution
		SolutionGuid = {B2C79B06-CD3F-4855-9225-3118D4F54F58}
	EndGlobalSection
EndGlobal
